// !$*UTF8*$!
{
	archiveVersion = 1;
	classes = {
	};
	objectVersion = 50;
	objects = {

/* Begin PBXBuildFile section */
		630BBF0A2439103D00EC6616 /* AppDelegate.swift in Sources */ = {isa = PBXBuildFile; fileRef = 630BBF092439103D00EC6616 /* AppDelegate.swift */; };
		630BBF0C2439103D00EC6616 /* SceneDelegate.swift in Sources */ = {isa = PBXBuildFile; fileRef = 630BBF0B2439103D00EC6616 /* SceneDelegate.swift */; };
		630BBF0E2439103D00EC6616 /* ViewController.swift in Sources */ = {isa = PBXBuildFile; fileRef = 630BBF0D2439103D00EC6616 /* ViewController.swift */; };
		630BBF112439103D00EC6616 /* Main.storyboard in Resources */ = {isa = PBXBuildFile; fileRef = 630BBF0F2439103D00EC6616 /* Main.storyboard */; };
		630BBF132439104100EC6616 /* Assets.xcassets in Resources */ = {isa = PBXBuildFile; fileRef = 630BBF122439104100EC6616 /* Assets.xcassets */; };
		630BBF162439104100EC6616 /* LaunchScreen.storyboard in Resources */ = {isa = PBXBuildFile; fileRef = 630BBF142439104100EC6616 /* LaunchScreen.storyboard */; };
		630BBF1E2439480400EC6616 /* AboutViewController.swift in Sources */ = {isa = PBXBuildFile; fileRef = 630BBF1D2439480400EC6616 /* AboutViewController.swift */; };
		630BBF2024394A5000EC6616 /* AboutAuthorViewController.swift in Sources */ = {isa = PBXBuildFile; fileRef = 630BBF1F24394A5000EC6616 /* AboutAuthorViewController.swift */; };
		630BBF2424395A7E00EC6616 /* BullsEye.html in Resources */ = {isa = PBXBuildFile; fileRef = 630BBF2324395A7E00EC6616 /* BullsEye.html */; };
/* End PBXBuildFile section */

/* Begin PBXFileReference section */
		630BBF062439103D00EC6616 /* Bullseye-UIKit.app */ = {isa = PBXFileReference; explicitFileType = wrapper.application; includeInIndex = 0; path = "Bullseye-UIKit.app"; sourceTree = BUILT_PRODUCTS_DIR; };
		630BBF092439103D00EC6616 /* AppDelegate.swift */ = {isa = PBXFileReference; lastKnownFileType = sourcecode.swift; path = AppDelegate.swift; sourceTree = "<group>"; };
		630BBF0B2439103D00EC6616 /* SceneDelegate.swift */ = {isa = PBXFileReference; lastKnownFileType = sourcecode.swift; path = SceneDelegate.swift; sourceTree = "<group>"; };
		630BBF0D2439103D00EC6616 /* ViewController.swift */ = {isa = PBXFileReference; lastKnownFileType = sourcecode.swift; path = ViewController.swift; sourceTree = "<group>"; };
		630BBF102439103D00EC6616 /* Base */ = {isa = PBXFileReference; lastKnownFileType = file.storyboard; name = Base; path = Base.lproj/Main.storyboard; sourceTree = "<group>"; };
		630BBF122439104100EC6616 /* Assets.xcassets */ = {isa = PBXFileReference; lastKnownFileType = folder.assetcatalog; path = Assets.xcassets; sourceTree = "<group>"; };
		630BBF152439104100EC6616 /* Base */ = {isa = PBXFileReference; lastKnownFileType = file.storyboard; name = Base; path = Base.lproj/LaunchScreen.storyboard; sourceTree = "<group>"; };
		630BBF172439104100EC6616 /* Info.plist */ = {isa = PBXFileReference; lastKnownFileType = text.plist.xml; path = Info.plist; sourceTree = "<group>"; };
		630BBF1D2439480400EC6616 /* AboutViewController.swift */ = {isa = PBXFileReference; lastKnownFileType = sourcecode.swift; path = AboutViewController.swift; sourceTree = "<group>"; };
		630BBF1F24394A5000EC6616 /* AboutAuthorViewController.swift */ = {isa = PBXFileReference; lastKnownFileType = sourcecode.swift; path = AboutAuthorViewController.swift; sourceTree = "<group>"; };
		630BBF2324395A7E00EC6616 /* BullsEye.html */ = {isa = PBXFileReference; fileEncoding = 4; lastKnownFileType = text.html; path = BullsEye.html; sourceTree = "<group>"; };
/* End PBXFileReference section */

/* Begin PBXFrameworksBuildPhase section */
		630BBF032439103D00EC6616 /* Frameworks */ = {
			isa = PBXFrameworksBuildPhase;
			buildActionMask = 2147483647;
			files = (
			);
			runOnlyForDeploymentPostprocessing = 0;
		};
/* End PBXFrameworksBuildPhase section */

/* Begin PBXGroup section */
		630BBEFD2439103D00EC6616 = {
			isa = PBXGroup;
			children = (
				630BBF082439103D00EC6616 /* Bullseye-UIKit */,
				630BBF072439103D00EC6616 /* Products */,
			);
			sourceTree = "<group>";
		};
		630BBF072439103D00EC6616 /* Products */ = {
			isa = PBXGroup;
			children = (
				630BBF062439103D00EC6616 /* Bullseye-UIKit.app */,
			);
			name = Products;
			sourceTree = "<group>";
		};
		630BBF082439103D00EC6616 /* Bullseye-UIKit */ = {
			isa = PBXGroup;
			children = (
				630BBF092439103D00EC6616 /* AppDelegate.swift */,
				630BBF0B2439103D00EC6616 /* SceneDelegate.swift */,
				630BBF0D2439103D00EC6616 /* ViewController.swift */,
				630BBF1D2439480400EC6616 /* AboutViewController.swift */,
				630BBF0F2439103D00EC6616 /* Main.storyboard */,
				630BBF1F24394A5000EC6616 /* AboutAuthorViewController.swift */,
				630BBF122439104100EC6616 /* Assets.xcassets */,
				630BBF142439104100EC6616 /* LaunchScreen.storyboard */,
				630BBF172439104100EC6616 /* Info.plist */,
				630BBF2324395A7E00EC6616 /* BullsEye.html */,
			);
			path = "Bullseye-UIKit";
			sourceTree = "<group>";
		};
/* End PBXGroup section */

/* Begin PBXNativeTarget section */
		630BBF052439103D00EC6616 /* Bullseye-UIKit */ = {
			isa = PBXNativeTarget;
			buildConfigurationList = 630BBF1A2439104100EC6616 /* Build configuration list for PBXNativeTarget "Bullseye-UIKit" */;
			buildPhases = (
				630BBF022439103D00EC6616 /* Sources */,
				630BBF032439103D00EC6616 /* Frameworks */,
				630BBF042439103D00EC6616 /* Resources */,
			);
			buildRules = (
			);
			dependencies = (
			);
			name = "Bullseye-UIKit";
			productName = "Bullseye-UIKit";
			productReference = 630BBF062439103D00EC6616 /* Bullseye-UIKit.app */;
			productType = "com.apple.product-type.application";
		};
/* End PBXNativeTarget section */

/* Begin PBXProject section */
		630BBEFE2439103D00EC6616 /* Project object */ = {
			isa = PBXProject;
			attributes = {
				LastSwiftUpdateCheck = 1140;
				LastUpgradeCheck = 1140;
				ORGANIZATIONNAME = "David Smith";
				TargetAttributes = {
					630BBF052439103D00EC6616 = {
						CreatedOnToolsVersion = 11.4;
					};
				};
			};
			buildConfigurationList = 630BBF012439103D00EC6616 /* Build configuration list for PBXProject "Bullseye-UIKit" */;
			compatibilityVersion = "Xcode 9.3";
			developmentRegion = en;
			hasScannedForEncodings = 0;
			knownRegions = (
				en,
				Base,
			);
			mainGroup = 630BBEFD2439103D00EC6616;
			productRefGroup = 630BBF072439103D00EC6616 /* Products */;
			projectDirPath = "";
			projectRoot = "";
			targets = (
				630BBF052439103D00EC6616 /* Bullseye-UIKit */,
			);
		};
/* End PBXProject section */

/* Begin PBXResourcesBuildPhase section */
		630BBF042439103D00EC6616 /* Resources */ = {
			isa = PBXResourcesBuildPhase;
			buildActionMask = 2147483647;
			files = (
				630BBF162439104100EC6616 /* LaunchScreen.storyboard in Resources */,
				630BBF2424395A7E00EC6616 /* BullsEye.html in Resources */,
				630BBF132439104100EC6616 /* Assets.xcassets in Resources */,
				630BBF112439103D00EC6616 /* Main.storyboard in Resources */,
			);
			runOnlyForDeploymentPostprocessing = 0;
		};
/* End PBXResourcesBuildPhase section */

/* Begin PBXSourcesBuildPhase section */
		630BBF022439103D00EC6616 /* Sources */ = {
			isa = PBXSourcesBuildPhase;
			buildActionMask = 2147483647;
			files = (
				630BBF0E2439103D00EC6616 /* ViewController.swift in Sources */,
				630BBF0A2439103D00EC6616 /* AppDelegate.swift in Sources */,
				630BBF1E2439480400EC6616 /* AboutViewController.swift in Sources */,
				630BBF0C2439103D00EC6616 /* SceneDelegate.swift in Sources */,
				630BBF2024394A5000EC6616 /* AboutAuthorViewController.swift in Sources */,
			);
			runOnlyForDeploymentPostprocessing = 0;
		};
/* End PBXSourcesBuildPhase section */

/* Begin PBXVariantGroup section */
		630BBF0F2439103D00EC6616 /* Main.storyboard */ = {
			isa = PBXVariantGroup;
			children = (
				630BBF102439103D00EC6616 /* Base */,
			);
			name = Main.storyboard;
			sourceTree = "<group>";
		};
		630BBF142439104100EC6616 /* LaunchScreen.storyboard */ = {
			isa = PBXVariantGroup;
			children = (
				630BBF152439104100EC6616 /* Base */,
			);
			name = LaunchScreen.storyboard;
			sourceTree = "<group>";
		};
/* End PBXVariantGroup section */

/* Begin XCBuildConfiguration section */
		630BBF182439104100EC6616 /* Debug */ = {
			isa = XCBuildConfiguration;
			buildSettings = {
				ALWAYS_SEARCH_USER_PATHS = NO;
				CLANG_ANALYZER_NONNULL = YES;
				CLANG_ANALYZER_NUMBER_OBJECT_CONVERSION = YES_AGGRESSIVE;
				CLANG_CXX_LANGUAGE_STANDARD = "gnu++14";
				CLANG_CXX_LIBRARY = "libc++";
				CLANG_ENABLE_MODULES = YES;
				CLANG_ENABLE_OBJC_ARC = YES;
				CLANG_ENABLE_OBJC_WEAK = YES;
				CLANG_WARN_BLOCK_CAPTURE_AUTORELEASING = YES;
				CLANG_WARN_BOOL_CONVERSION = YES;
				CLANG_WARN_COMMA = YES;
				CLANG_WARN_CONSTANT_CONVERSION = YES;
				CLANG_WARN_DEPRECATED_OBJC_IMPLEMENTATIONS = YES;
				CLANG_WARN_DIRECT_OBJC_ISA_USAGE = YES_ERROR;
				CLANG_WARN_DOCUMENTATION_COMMENTS = YES;
				CLANG_WARN_EMPTY_BODY = YES;
				CLANG_WARN_ENUM_CONVERSION = YES;
				CLANG_WARN_INFINITE_RECURSION = YES;
				CLANG_WARN_INT_CONVERSION = YES;
				CLANG_WARN_NON_LITERAL_NULL_CONVERSION = YES;
				CLANG_WARN_OBJC_IMPLICIT_RETAIN_SELF = YES;
				CLANG_WARN_OBJC_LITERAL_CONVERSION = YES;
				CLANG_WARN_OBJC_ROOT_CLASS = YES_ERROR;
				CLANG_WARN_RANGE_LOOP_ANALYSIS = YES;
				CLANG_WARN_STRICT_PROTOTYPES = YES;
				CLANG_WARN_SUSPICIOUS_MOVE = YES;
				CLANG_WARN_UNGUARDED_AVAILABILITY = YES_AGGRESSIVE;
				CLANG_WARN_UNREACHABLE_CODE = YES;
				CLANG_WARN__DUPLICATE_METHOD_MATCH = YES;
				COPY_PHASE_STRIP = NO;
				DEBUG_INFORMATION_FORMAT = dwarf;
				ENABLE_STRICT_OBJC_MSGSEND = YES;
				ENABLE_TESTABILITY = YES;
				GCC_C_LANGUAGE_STANDARD = gnu11;
				GCC_DYNAMIC_NO_PIC = NO;
				GCC_NO_COMMON_BLOCKS = YES;
				GCC_OPTIMIZATION_LEVEL = 0;
				GCC_PREPROCESSOR_DEFINITIONS = (
					"DEBUG=1",
					"$(inherited)",
				);
				GCC_WARN_64_TO_32_BIT_CONVERSION = YES;
				GCC_WARN_ABOUT_RETURN_TYPE = YES_ERROR;
				GCC_WARN_UNDECLARED_SELECTOR = YES;
				GCC_WARN_UNINITIALIZED_AUTOS = YES_AGGRESSIVE;
				GCC_WARN_UNUSED_FUNCTION = YES;
				GCC_WARN_UNUSED_VARIABLE = YES;
				IPHONEOS_DEPLOYMENT_TARGET = 13.4;
				MTL_ENABLE_DEBUG_INFO = INCLUDE_SOURCE;
				MTL_FAST_MATH = YES;
				ONLY_ACTIVE_ARCH = YES;
				SDKROOT = iphoneos;
				SWIFT_ACTIVE_COMPILATION_CONDITIONS = DEBUG;
				SWIFT_OPTIMIZATION_LEVEL = "-Onone";
			};
			name = Debug;
		};
		630BBF192439104100EC6616 /* Release */ = {
			isa = XCBuildConfiguration;
			buildSettings = {
				ALWAYS_SEARCH_USER_PATHS = NO;
				CLANG_ANALYZER_NONNULL = YES;
				CLANG_ANALYZER_NUMBER_OBJECT_CONVERSION = YES_AGGRESSIVE;
				CLANG_CXX_LANGUAGE_STANDARD = "gnu++14";
				CLANG_CXX_LIBRARY = "libc++";
				CLANG_ENABLE_MODULES = YES;
				CLANG_ENABLE_OBJC_ARC = YES;
				CLANG_ENABLE_OBJC_WEAK = YES;
				CLANG_WARN_BLOCK_CAPTURE_AUTORELEASING = YES;
				CLANG_WARN_BOOL_CONVERSION = YES;
				CLANG_WARN_COMMA = YES;
				CLANG_WARN_CONSTANT_CONVERSION = YES;
				CLANG_WARN_DEPRECATED_OBJC_IMPLEMENTATIONS = YES;
				CLANG_WARN_DIRECT_OBJC_ISA_USAGE = YES_ERROR;
				CLANG_WARN_DOCUMENTATION_COMMENTS = YES;
				CLANG_WARN_EMPTY_BODY = YES;
				CLANG_WARN_ENUM_CONVERSION = YES;
				CLANG_WARN_INFINITE_RECURSION = YES;
				CLANG_WARN_INT_CONVERSION = YES;
				CLANG_WARN_NON_LITERAL_NULL_CONVERSION = YES;
				CLANG_WARN_OBJC_IMPLICIT_RETAIN_SELF = YES;
				CLANG_WARN_OBJC_LITERAL_CONVERSION = YES;
				CLANG_WARN_OBJC_ROOT_CLASS = YES_ERROR;
				CLANG_WARN_RANGE_LOOP_ANALYSIS = YES;
				CLANG_WARN_STRICT_PROTOTYPES = YES;
				CLANG_WARN_SUSPICIOUS_MOVE = YES;
				CLANG_WARN_UNGUARDED_AVAILABILITY = YES_AGGRESSIVE;
				CLANG_WARN_UNREACHABLE_CODE = YES;
				CLANG_WARN__DUPLICATE_METHOD_MATCH = YES;
				COPY_PHASE_STRIP = NO;
				DEBUG_INFORMATION_FORMAT = "dwarf-with-dsym";
				ENABLE_NS_ASSERTIONS = NO;
				ENABLE_STRICT_OBJC_MSGSEND = YES;
				GCC_C_LANGUAGE_STANDARD = gnu11;
				GCC_NO_COMMON_BLOCKS = YES;
				GCC_WARN_64_TO_32_BIT_CONVERSION = YES;
				GCC_WARN_ABOUT_RETURN_TYPE = YES_ERROR;
				GCC_WARN_UNDECLARED_SELECTOR = YES;
				GCC_WARN_UNINITIALIZED_AUTOS = YES_AGGRESSIVE;
				GCC_WARN_UNUSED_FUNCTION = YES;
				GCC_WARN_UNUSED_VARIABLE = YES;
				IPHONEOS_DEPLOYMENT_TARGET = 13.4;
				MTL_ENABLE_DEBUG_INFO = NO;
				MTL_FAST_MATH = YES;
				SDKROOT = iphoneos;
				SWIFT_COMPILATION_MODE = wholemodule;
				SWIFT_OPTIMIZATION_LEVEL = "-O";
				VALIDATE_PRODUCT = YES;
			};
			name = Release;
		};
		630BBF1B2439104100EC6616 /* Debug */ = {
			isa = XCBuildConfiguration;
			buildSettings = {
				ASSETCATALOG_COMPILER_APPICON_NAME = AppIcon;
				CODE_SIGN_STYLE = Automatic;
				DEVELOPMENT_TEAM = J2A9GZW768;
				INFOPLIST_FILE = "Bullseye-UIKit/Info.plist";
				IPHONEOS_DEPLOYMENT_TARGET = 13.1;
				LD_RUNPATH_SEARCH_PATHS = (
					"$(inherited)",
					"@executable_path/Frameworks",
				);
				PRODUCT_BUNDLE_IDENTIFIER = "com.dsspring2020.Bullseye-UIKit";
				PRODUCT_NAME = "$(TARGET_NAME)";
				SWIFT_VERSION = 5.0;
				TARGETED_DEVICE_FAMILY = "1,2";
			};
			name = Debug;
		};
		630BBF1C2439104100EC6616 /* Release */ = {
			isa = XCBuildConfiguration;
			buildSettings = {
				ASSETCATALOG_COMPILER_APPICON_NAME = AppIcon;
				CODE_SIGN_STYLE = Automatic;
				DEVELOPMENT_TEAM = J2A9GZW768;
				INFOPLIST_FILE = "Bullseye-UIKit/Info.plist";
				IPHONEOS_DEPLOYMENT_TARGET = 13.1;
				LD_RUNPATH_SEARCH_PATHS = (
					"$(inherited)",
					"@executable_path/Frameworks",
				);
				PRODUCT_BUNDLE_IDENTIFIER = "com.dsspring2020.Bullseye-UIKit";
				PRODUCT_NAME = "$(TARGET_NAME)";
				SWIFT_VERSION = 5.0;
				TARGETED_DEVICE_FAMILY = "1,2";
			};
			name = Release;
		};
/* End XCBuildConfiguration section */

/* Begin XCConfigurationList section */
		630BBF012439103D00EC6616 /* Build configuration list for PBXProject "Bullseye-UIKit" */ = {
			isa = XCConfigurationList;
			buildConfigurations = (
				630BBF182439104100EC6616 /* Debug */,
				630BBF192439104100EC6616 /* Release */,
			);
			defaultConfigurationIsVisible = 0;
			defaultConfigurationName = Release;
		};
		630BBF1A2439104100EC6616 /* Build configuration list for PBXNativeTarget "Bullseye-UIKit" */ = {
			isa = XCConfigurationList;
			buildConfigurations = (
				630BBF1B2439104100EC6616 /* Debug */,
				630BBF1C2439104100EC6616 /* Release */,
			);
			defaultConfigurationIsVisible = 0;
			defaultConfigurationName = Release;
		};
/* End XCConfigurationList section */
	};
	rootObject = 630BBEFE2439103D00EC6616 /* Project object */;
}
